PODS:
  - Nimble (3.2.0)
  - Quick (0.9.1)
  - SnapKit (0.20.0)
  - WMobileKit (0.0.1):
    - SnapKit (= 0.20.0)

DEPENDENCIES:
  - Nimble (~> 3.0)
  - Quick (~> 0.8)
  - WMobileKit (from `../`)

EXTERNAL SOURCES:
  WMobileKit:
    :path: ../

SPEC CHECKSUMS:
  Nimble: 703854335d181df169bbca9c97117b5cf8c47c1d
  Quick: a5221fc21788b6aeda934805e68b061839bc3165
  SnapKit: 5fce3c1bbbf1fbd31de9aa92f33eb9fa03f15650
  WMobileKit: aef1d6c36c4cb839781879f7cf7818553f3d8945

PODFILE CHECKSUM: 4d0e6736f27dfc30dfa710867f066e717ce33682

COCOAPODS: 1.0.0.beta.6
