PODS:
  - Nimble (8.1.1)
  - Quick (3.0.0)
  - SDWebImage (5.8.3):
    - SDWebImage/Core (= 5.8.3)
  - SDWebImage/Core (5.8.3)
  - SnapKit (5.0.1)

DEPENDENCIES:
  - Nimble (= 8.1.1)
  - Quick (= 3.0.0)
  - SDWebImage (= 5.8.3)
  - SnapKit (= 5.0.1)

SPEC REPOS:
  trunk:
    - Nimble
    - Quick
    - SDWebImage
    - SnapKit

SPEC CHECKSUMS:
  Nimble: 5f8a2fb6fa343a7242dfdd9d42f7267419d464b2
  Quick: 6d9559f40647bc4d510103842ef2fdd882d753e2
  SDWebImage: 112503ec94a5a2a41869503844a15e8d8f1ead5c
  SnapKit: 97b92857e3df3a0c71833cce143274bf6ef8e5eb

PODFILE CHECKSUM: bd13aa53ebb228cc894a29403e7a9ed325a566c2

COCOAPODS: 1.9.3
