PODS:
  - Nimble (7.0.1)
  - Quick (1.1.0)
  - SDWebImage (4.0.0):
    - SDWebImage/Core (= 4.0.0)
  - SDWebImage/Core (4.0.0)
  - SnapKit (3.2.0)

DEPENDENCIES:
  - Nimble (= 7.0.1)
  - Quick (= 1.1.0)
  - SDWebImage (= 4.0.0)
  - SnapKit (from `https://github.com/SnapKit/SnapKit.git`, commit `d31148f`)

EXTERNAL SOURCES:
  SnapKit:
    :commit: d31148f
    :git: https://github.com/SnapKit/SnapKit.git

CHECKOUT OPTIONS:
  SnapKit:
    :commit: d31148f
    :git: https://github.com/SnapKit/SnapKit.git

SPEC CHECKSUMS:
  Nimble: 657d000e11df8aebe27cdaf9d244de7f30ed87f7
  Quick: dafc587e21eed9f4cab3249b9f9015b0b7a7f71d
  SDWebImage: 76a6348bdc74eb5a55dd08a091ef298e56b55e41
  SnapKit: c71c530b73cedd2a8b998098687001baff265086

PODFILE CHECKSUM: 07486fc2368d9e28d98c5b330178f51dd3b9e395

COCOAPODS: 1.2.1
