PODS:
  - CryptoSwift (0.6.3)
  - Nimble (5.1.0)
  - Quick (0.10.0)
  - SDWebImage (3.8.0):
    - SDWebImage/Core (= 3.8.0)
  - SDWebImage/Core (3.8.0)
  - SnapKit (3.0.2)

DEPENDENCIES:
  - CryptoSwift (= 0.6.3)
  - Nimble (= 5.1.0)
  - Quick (= 0.10.0)
  - SDWebImage (= 3.8)
  - SnapKit (= 3.0.2)

SPEC CHECKSUMS:
  CryptoSwift: 623f81faf4bc34caf78b792f8625fda9fc309abd
  Nimble: 5ea121a2eda60440287054cde077fc0ad22227b3
  Quick: 5d290df1c69d5ee2f0729956dcf0fd9a30447eaa
  SDWebImage: 7d9fe229266696de91eadf840c77ca15efd4bbd2
  SnapKit: 2e456761aa92d4d4067a7a5594c18769d451a8ad

PODFILE CHECKSUM: 9618e4507af5a13ea464a8aac7d85f5679533560

COCOAPODS: 1.2.0.beta.1
