// !$*UTF8*$!
{
	archiveVersion = 1;
	classes = {
	};
	objectVersion = 46;
	objects = {

/* Begin PBXBuildFile section */
		55A106331CAC8B5400495BBC /* LeftMenuTVCExample.swift in Sources */ = {isa = PBXBuildFile; fileRef = 55A106321CAC8B5400495BBC /* LeftMenuTVCExample.swift */; };
		730364EB1CE4FFA600F8F3D8 /* SwitchAndRadioExamplesVC.swift in Sources */ = {isa = PBXBuildFile; fileRef = 730364EA1CE4FFA600F8F3D8 /* SwitchAndRadioExamplesVC.swift */; };
		7310E3661DD4E39500153C7F /* PanelExample.swift in Sources */ = {isa = PBXBuildFile; fileRef = 7310E3651DD4E39500153C7F /* PanelExample.swift */; };
		73A12C6A1CBEC2DE0092A3C2 /* UserLogoViewExamplesVC.swift in Sources */ = {isa = PBXBuildFile; fileRef = 73A12C691CBEC2DE0092A3C2 /* UserLogoViewExamplesVC.swift */; };
		73B2B5CE1CD2BB7000053D22 /* MarkdownTextViewExamplesVC.swift in Sources */ = {isa = PBXBuildFile; fileRef = 73B2B5CD1CD2BB7000053D22 /* MarkdownTextViewExamplesVC.swift */; };
		73BB3C051EEF19BD0066D199 /* libz.tbd in Frameworks */ = {isa = PBXBuildFile; fileRef = 73BB3C041EEF13670066D199 /* libz.tbd */; };
		73E59C441D1C96F000AADD51 /* PagingControlVCExampleVC.swift in Sources */ = {isa = PBXBuildFile; fileRef = 73E59C431D1C96F000AADD51 /* PagingControlVCExampleVC.swift */; };
		80385E53D084ED5C70EE82DE /* Pods_WMobileKitExample.framework in Frameworks */ = {isa = PBXBuildFile; fileRef = D3EBC53ABD49DE26032E3B06 /* Pods_WMobileKitExample.framework */; };
		CE76EA541D1DA9E800B5F487 /* TextViewExamplesVC.swift in Sources */ = {isa = PBXBuildFile; fileRef = CE76EA531D1DA9E800B5F487 /* TextViewExamplesVC.swift */; };
		D50149E31CE3D90600E5263E /* AutoCompleteTextViewExampleVC.swift in Sources */ = {isa = PBXBuildFile; fileRef = 73BE4C981CD94D4B0025E34E /* AutoCompleteTextViewExampleVC.swift */; };
		D50149E41CE3D90A00E5263E /* LoadingModalExamplesVC.swift in Sources */ = {isa = PBXBuildFile; fileRef = D7A022E81CCA8ACE00CC12E0 /* LoadingModalExamplesVC.swift */; };
		D50149E51CE3D90D00E5263E /* SpinnerExamplesVC.swift in Sources */ = {isa = PBXBuildFile; fileRef = D50149E11CE3C85D00E5263E /* SpinnerExamplesVC.swift */; };
		D53D0BC01CAB11B70065D106 /* AppDelegate.swift in Sources */ = {isa = PBXBuildFile; fileRef = D53D0BB81CAB11B70065D106 /* AppDelegate.swift */; };
		D53D0BC11CAB11B70065D106 /* LaunchScreen.xib in Resources */ = {isa = PBXBuildFile; fileRef = D53D0BB91CAB11B70065D106 /* LaunchScreen.xib */; };
		D53D0BC21CAB11B70065D106 /* Main.storyboard in Resources */ = {isa = PBXBuildFile; fileRef = D53D0BBB1CAB11B70065D106 /* Main.storyboard */; };
		D53D0BC51CAB11B70065D106 /* SideMenuVCExample.swift in Sources */ = {isa = PBXBuildFile; fileRef = D53D0BBF1CAB11B70065D106 /* SideMenuVCExample.swift */; };
		D56DF0151CF7B515000893C1 /* MobileKitVC.swift in Sources */ = {isa = PBXBuildFile; fileRef = D56DF0141CF7B515000893C1 /* MobileKitVC.swift */; };
		D58F8FA81E7089F400BFF6B2 /* AutoViewLayoutExampleVC.swift in Sources */ = {isa = PBXBuildFile; fileRef = D58F8FA71E7089F400BFF6B2 /* AutoViewLayoutExampleVC.swift */; };
		D592AB761CC55F7C00301C7F /* ModalViewExamplesVC.swift in Sources */ = {isa = PBXBuildFile; fileRef = D592AB751CC55F7C00301C7F /* ModalViewExamplesVC.swift */; };
		D592B2BD1CC9498E00301C7F /* Images.xcassets in Resources */ = {isa = PBXBuildFile; fileRef = D592B2BC1CC9498E00301C7F /* Images.xcassets */; };
		D5A4F6151CB3305A0041BB98 /* PagingControlExamplesVC.swift in Sources */ = {isa = PBXBuildFile; fileRef = D5A4F6141CB3305A0041BB98 /* PagingControlExamplesVC.swift */; };
		D5F7A6541CF640F800636AB4 /* BadgeExamplesVC.swift in Sources */ = {isa = PBXBuildFile; fileRef = D5F7A6531CF640F800636AB4 /* BadgeExamplesVC.swift */; };
		D7310D7D1CC7FA0B00130C7B /* TextFieldExamplesVC.swift in Sources */ = {isa = PBXBuildFile; fileRef = D7310D7C1CC7FA0B00130C7B /* TextFieldExamplesVC.swift */; };
/* End PBXBuildFile section */

/* Begin PBXFileReference section */
		1A1FAB8DBB3EC373E4196E5E /* Pods_WMobileKitExample_Tests.framework */ = {isa = PBXFileReference; explicitFileType = wrapper.framework; includeInIndex = 0; path = Pods_WMobileKitExample_Tests.framework; sourceTree = BUILT_PRODUCTS_DIR; };
		21EC645DF7BC64E4457C7E25 /* Pods-WMobileKitExample.debug.xcconfig */ = {isa = PBXFileReference; includeInIndex = 1; lastKnownFileType = text.xcconfig; name = "Pods-WMobileKitExample.debug.xcconfig"; path = "Pods/Target Support Files/Pods-WMobileKitExample/Pods-WMobileKitExample.debug.xcconfig"; sourceTree = "<group>"; };
		247C519CD26182EC4FBEC62F /* LICENSE */ = {isa = PBXFileReference; includeInIndex = 1; lastKnownFileType = text; lineEnding = 0; name = LICENSE; path = ../LICENSE; sourceTree = "<group>"; xcLanguageSpecificationIdentifier = "<none>"; };
		5249D1D1F78B1D0399095335 /* README.md */ = {isa = PBXFileReference; includeInIndex = 1; lastKnownFileType = net.daringfireball.markdown; name = README.md; path = ../README.md; sourceTree = "<group>"; };
		55A106321CAC8B5400495BBC /* LeftMenuTVCExample.swift */ = {isa = PBXFileReference; fileEncoding = 4; lastKnownFileType = sourcecode.swift; lineEnding = 0; path = LeftMenuTVCExample.swift; sourceTree = "<group>"; xcLanguageSpecificationIdentifier = xcode.lang.swift; };
		607FACD01AFB9204008FA782 /* WMobileKitExample_Example.app */ = {isa = PBXFileReference; explicitFileType = wrapper.application; includeInIndex = 0; path = WMobileKitExample_Example.app; sourceTree = BUILT_PRODUCTS_DIR; };
		730364EA1CE4FFA600F8F3D8 /* SwitchAndRadioExamplesVC.swift */ = {isa = PBXFileReference; fileEncoding = 4; lastKnownFileType = sourcecode.swift; lineEnding = 0; path = SwitchAndRadioExamplesVC.swift; sourceTree = "<group>"; xcLanguageSpecificationIdentifier = xcode.lang.swift; };
		7310E3651DD4E39500153C7F /* PanelExample.swift */ = {isa = PBXFileReference; fileEncoding = 4; lastKnownFileType = sourcecode.swift; lineEnding = 0; path = PanelExample.swift; sourceTree = "<group>"; xcLanguageSpecificationIdentifier = xcode.lang.swift; };
		73A12C691CBEC2DE0092A3C2 /* UserLogoViewExamplesVC.swift */ = {isa = PBXFileReference; fileEncoding = 4; lastKnownFileType = sourcecode.swift; lineEnding = 0; path = UserLogoViewExamplesVC.swift; sourceTree = "<group>"; xcLanguageSpecificationIdentifier = xcode.lang.swift; };
		73B2B5CD1CD2BB7000053D22 /* MarkdownTextViewExamplesVC.swift */ = {isa = PBXFileReference; fileEncoding = 4; lastKnownFileType = sourcecode.swift; lineEnding = 0; path = MarkdownTextViewExamplesVC.swift; sourceTree = "<group>"; xcLanguageSpecificationIdentifier = xcode.lang.swift; };
		73BB3C041EEF13670066D199 /* libz.tbd */ = {isa = PBXFileReference; lastKnownFileType = "sourcecode.text-based-dylib-definition"; name = libz.tbd; path = usr/lib/libz.tbd; sourceTree = SDKROOT; };
		73BE4C981CD94D4B0025E34E /* AutoCompleteTextViewExampleVC.swift */ = {isa = PBXFileReference; fileEncoding = 4; lastKnownFileType = sourcecode.swift; lineEnding = 0; path = AutoCompleteTextViewExampleVC.swift; sourceTree = "<group>"; xcLanguageSpecificationIdentifier = xcode.lang.swift; };
		73E59C431D1C96F000AADD51 /* PagingControlVCExampleVC.swift */ = {isa = PBXFileReference; fileEncoding = 4; lastKnownFileType = sourcecode.swift; lineEnding = 0; path = PagingControlVCExampleVC.swift; sourceTree = "<group>"; xcLanguageSpecificationIdentifier = xcode.lang.swift; };
		86294297CE93610FE8E6B978 /* Pods-WMobileKitExample.release.xcconfig */ = {isa = PBXFileReference; includeInIndex = 1; lastKnownFileType = text.xcconfig; name = "Pods-WMobileKitExample.release.xcconfig"; path = "Pods/Target Support Files/Pods-WMobileKitExample/Pods-WMobileKitExample.release.xcconfig"; sourceTree = "<group>"; };
		8BFF613940B2D6813A6FAFE6 /* Pods-WMobileKitExample_Tests.release.xcconfig */ = {isa = PBXFileReference; includeInIndex = 1; lastKnownFileType = text.xcconfig; name = "Pods-WMobileKitExample_Tests.release.xcconfig"; path = "Pods/Target Support Files/Pods-WMobileKitExample_Tests/Pods-WMobileKitExample_Tests.release.xcconfig"; sourceTree = "<group>"; };
		CE76EA531D1DA9E800B5F487 /* TextViewExamplesVC.swift */ = {isa = PBXFileReference; fileEncoding = 4; lastKnownFileType = sourcecode.swift; lineEnding = 0; path = TextViewExamplesVC.swift; sourceTree = "<group>"; xcLanguageSpecificationIdentifier = xcode.lang.swift; };
		D3EBC53ABD49DE26032E3B06 /* Pods_WMobileKitExample.framework */ = {isa = PBXFileReference; explicitFileType = wrapper.framework; includeInIndex = 0; path = Pods_WMobileKitExample.framework; sourceTree = BUILT_PRODUCTS_DIR; };
		D50149E11CE3C85D00E5263E /* SpinnerExamplesVC.swift */ = {isa = PBXFileReference; fileEncoding = 4; lastKnownFileType = sourcecode.swift; lineEnding = 0; path = SpinnerExamplesVC.swift; sourceTree = "<group>"; xcLanguageSpecificationIdentifier = xcode.lang.swift; };
		D53D0BB81CAB11B70065D106 /* AppDelegate.swift */ = {isa = PBXFileReference; fileEncoding = 4; lastKnownFileType = sourcecode.swift; lineEnding = 0; path = AppDelegate.swift; sourceTree = "<group>"; xcLanguageSpecificationIdentifier = xcode.lang.swift; };
		D53D0BBA1CAB11B70065D106 /* Base */ = {isa = PBXFileReference; lastKnownFileType = file.xib; name = Base; path = Base.lproj/LaunchScreen.xib; sourceTree = "<group>"; };
		D53D0BBC1CAB11B70065D106 /* Base */ = {isa = PBXFileReference; lastKnownFileType = file.storyboard; name = Base; path = Base.lproj/Main.storyboard; sourceTree = "<group>"; };
		D53D0BBE1CAB11B70065D106 /* Info.plist */ = {isa = PBXFileReference; fileEncoding = 4; lastKnownFileType = text.plist.xml; path = Info.plist; sourceTree = "<group>"; };
		D53D0BBF1CAB11B70065D106 /* SideMenuVCExample.swift */ = {isa = PBXFileReference; fileEncoding = 4; lastKnownFileType = sourcecode.swift; lineEnding = 0; path = SideMenuVCExample.swift; sourceTree = "<group>"; xcLanguageSpecificationIdentifier = xcode.lang.swift; };
		D56DF0141CF7B515000893C1 /* MobileKitVC.swift */ = {isa = PBXFileReference; fileEncoding = 4; lastKnownFileType = sourcecode.swift; lineEnding = 0; path = MobileKitVC.swift; sourceTree = "<group>"; xcLanguageSpecificationIdentifier = xcode.lang.swift; };
		D58F8FA71E7089F400BFF6B2 /* AutoViewLayoutExampleVC.swift */ = {isa = PBXFileReference; fileEncoding = 4; lastKnownFileType = sourcecode.swift; lineEnding = 0; path = AutoViewLayoutExampleVC.swift; sourceTree = "<group>"; xcLanguageSpecificationIdentifier = xcode.lang.swift; };
		D592AB751CC55F7C00301C7F /* ModalViewExamplesVC.swift */ = {isa = PBXFileReference; fileEncoding = 4; lastKnownFileType = sourcecode.swift; lineEnding = 0; path = ModalViewExamplesVC.swift; sourceTree = "<group>"; xcLanguageSpecificationIdentifier = xcode.lang.swift; };
		D592B2BC1CC9498E00301C7F /* Images.xcassets */ = {isa = PBXFileReference; lastKnownFileType = folder.assetcatalog; path = Images.xcassets; sourceTree = "<group>"; };
		D5A4F6111CAF1E380041BB98 /* WMobileKitExample-Bridging-Header.h */ = {isa = PBXFileReference; lastKnownFileType = sourcecode.c.h; path = "WMobileKitExample-Bridging-Header.h"; sourceTree = "<group>"; };
		D5A4F6141CB3305A0041BB98 /* PagingControlExamplesVC.swift */ = {isa = PBXFileReference; fileEncoding = 4; lastKnownFileType = sourcecode.swift; lineEnding = 0; path = PagingControlExamplesVC.swift; sourceTree = "<group>"; xcLanguageSpecificationIdentifier = xcode.lang.swift; };
		D5F7A6531CF640F800636AB4 /* BadgeExamplesVC.swift */ = {isa = PBXFileReference; fileEncoding = 4; lastKnownFileType = sourcecode.swift; lineEnding = 0; path = BadgeExamplesVC.swift; sourceTree = "<group>"; xcLanguageSpecificationIdentifier = xcode.lang.swift; };
		D7310D7C1CC7FA0B00130C7B /* TextFieldExamplesVC.swift */ = {isa = PBXFileReference; fileEncoding = 4; lastKnownFileType = sourcecode.swift; lineEnding = 0; path = TextFieldExamplesVC.swift; sourceTree = "<group>"; xcLanguageSpecificationIdentifier = xcode.lang.swift; };
		D7A022E81CCA8ACE00CC12E0 /* LoadingModalExamplesVC.swift */ = {isa = PBXFileReference; fileEncoding = 4; lastKnownFileType = sourcecode.swift; lineEnding = 0; path = LoadingModalExamplesVC.swift; sourceTree = "<group>"; xcLanguageSpecificationIdentifier = xcode.lang.swift; };
		EA767C41664512B3B27DD252 /* WMobileKit.podspec */ = {isa = PBXFileReference; includeInIndex = 1; lastKnownFileType = text; name = WMobileKit.podspec; path = ../WMobileKit.podspec; sourceTree = "<group>"; };
		F3D15B471A0B1EBD86760A29 /* Pods-WMobileKitExample_Tests.debug.xcconfig */ = {isa = PBXFileReference; includeInIndex = 1; lastKnownFileType = text.xcconfig; name = "Pods-WMobileKitExample_Tests.debug.xcconfig"; path = "Pods/Target Support Files/Pods-WMobileKitExample_Tests/Pods-WMobileKitExample_Tests.debug.xcconfig"; sourceTree = "<group>"; };
/* End PBXFileReference section */

/* Begin PBXFrameworksBuildPhase section */
		607FACCD1AFB9204008FA782 /* Frameworks */ = {
			isa = PBXFrameworksBuildPhase;
			buildActionMask = 2147483647;
			files = (
				73BB3C051EEF19BD0066D199 /* libz.tbd in Frameworks */,
				80385E53D084ED5C70EE82DE /* Pods_WMobileKitExample.framework in Frameworks */,
			);
			runOnlyForDeploymentPostprocessing = 0;
		};
/* End PBXFrameworksBuildPhase section */

/* Begin PBXGroup section */
		607FACC71AFB9204008FA782 = {
			isa = PBXGroup;
			children = (
				D53D0BB71CAB11B70065D106 /* WMobileKit Examples */,
				607FACF51AFB993E008FA782 /* Podspec Metadata */,
				607FACD11AFB9204008FA782 /* Products */,
				C27794569629DA3FF13FBA1C /* Pods */,
				AD8C6D27E828A655C5FF53CE /* Frameworks */,
			);
			sourceTree = "<group>";
		};
		607FACD11AFB9204008FA782 /* Products */ = {
			isa = PBXGroup;
			children = (
				607FACD01AFB9204008FA782 /* WMobileKitExample_Example.app */,
			);
			name = Products;
			sourceTree = "<group>";
		};
		607FACF51AFB993E008FA782 /* Podspec Metadata */ = {
			isa = PBXGroup;
			children = (
				EA767C41664512B3B27DD252 /* WMobileKit.podspec */,
				5249D1D1F78B1D0399095335 /* README.md */,
				247C519CD26182EC4FBEC62F /* LICENSE */,
			);
			name = "Podspec Metadata";
			sourceTree = "<group>";
		};
		AD8C6D27E828A655C5FF53CE /* Frameworks */ = {
			isa = PBXGroup;
			children = (
				73BB3C041EEF13670066D199 /* libz.tbd */,
				D3EBC53ABD49DE26032E3B06 /* Pods_WMobileKitExample.framework */,
				1A1FAB8DBB3EC373E4196E5E /* Pods_WMobileKitExample_Tests.framework */,
			);
			name = Frameworks;
			sourceTree = "<group>";
		};
		C27794569629DA3FF13FBA1C /* Pods */ = {
			isa = PBXGroup;
			children = (
				21EC645DF7BC64E4457C7E25 /* Pods-WMobileKitExample.debug.xcconfig */,
				86294297CE93610FE8E6B978 /* Pods-WMobileKitExample.release.xcconfig */,
				F3D15B471A0B1EBD86760A29 /* Pods-WMobileKitExample_Tests.debug.xcconfig */,
				8BFF613940B2D6813A6FAFE6 /* Pods-WMobileKitExample_Tests.release.xcconfig */,
			);
			name = Pods;
			sourceTree = "<group>";
		};
		D53D0BB71CAB11B70065D106 /* WMobileKit Examples */ = {
			isa = PBXGroup;
			children = (
				D53D0BB81CAB11B70065D106 /* AppDelegate.swift */,
				D53D0BB91CAB11B70065D106 /* LaunchScreen.xib */,
				D53D0BBB1CAB11B70065D106 /* Main.storyboard */,
				D53D0BBE1CAB11B70065D106 /* Info.plist */,
				D592B2BC1CC9498E00301C7F /* Images.xcassets */,
				D592AB731CC5470B00301C7F /* Side Menu */,
				D592AB741CC5471700301C7F /* Content View Controllers */,
				D5A4F6111CAF1E380041BB98 /* WMobileKitExample-Bridging-Header.h */,
			);
			name = "WMobileKit Examples";
			path = WMobileKitExample;
			sourceTree = "<group>";
		};
		D592AB731CC5470B00301C7F /* Side Menu */ = {
			isa = PBXGroup;
			children = (
				D53D0BBF1CAB11B70065D106 /* SideMenuVCExample.swift */,
				55A106321CAC8B5400495BBC /* LeftMenuTVCExample.swift */,
			);
			name = "Side Menu";
			sourceTree = "<group>";
		};
		D592AB741CC5471700301C7F /* Content View Controllers */ = {
			isa = PBXGroup;
			children = (
				D56DF0141CF7B515000893C1 /* MobileKitVC.swift */,
				D5A4F6141CB3305A0041BB98 /* PagingControlExamplesVC.swift */,
				73E59C431D1C96F000AADD51 /* PagingControlVCExampleVC.swift */,
				73A12C691CBEC2DE0092A3C2 /* UserLogoViewExamplesVC.swift */,
				D592AB751CC55F7C00301C7F /* ModalViewExamplesVC.swift */,
				D7310D7C1CC7FA0B00130C7B /* TextFieldExamplesVC.swift */,
				73B2B5CD1CD2BB7000053D22 /* MarkdownTextViewExamplesVC.swift */,
				D50149E11CE3C85D00E5263E /* SpinnerExamplesVC.swift */,
				D7A022E81CCA8ACE00CC12E0 /* LoadingModalExamplesVC.swift */,
				73BE4C981CD94D4B0025E34E /* AutoCompleteTextViewExampleVC.swift */,
				730364EA1CE4FFA600F8F3D8 /* SwitchAndRadioExamplesVC.swift */,
				D5F7A6531CF640F800636AB4 /* BadgeExamplesVC.swift */,
				CE76EA531D1DA9E800B5F487 /* TextViewExamplesVC.swift */,
				7310E3651DD4E39500153C7F /* PanelExample.swift */,
				D58F8FA71E7089F400BFF6B2 /* AutoViewLayoutExampleVC.swift */,
			);
			name = "Content View Controllers";
			sourceTree = "<group>";
		};
/* End PBXGroup section */

/* Begin PBXNativeTarget section */
		607FACCF1AFB9204008FA782 /* WMobileKitExample */ = {
			isa = PBXNativeTarget;
			buildConfigurationList = 607FACEF1AFB9204008FA782 /* Build configuration list for PBXNativeTarget "WMobileKitExample" */;
			buildPhases = (
				3EB43EB92E58032AF0667799 /* [CP] Check Pods Manifest.lock */,
				98A5CCD15F7D28C68E4CCA77 /* [CP] Check Pods Manifest.lock */,
				607FACCC1AFB9204008FA782 /* Sources */,
				607FACCD1AFB9204008FA782 /* Frameworks */,
				607FACCE1AFB9204008FA782 /* Resources */,
				8FC73EFBB362335A5F128DBD /* [CP] Embed Pods Frameworks */,
				49E7A25303633E37FE83C756 /* [CP] Copy Pods Resources */,
				05A9FF5587E4F95729BD1C5D /* 📦 Embed Pods Frameworks */,
				4741DCE4EBCE20EBAAA2683C /* 📦 Copy Pods Resources */,
			);
			buildRules = (
			);
			dependencies = (
			);
			name = WMobileKitExample;
			productName = WMobileKit;
			productReference = 607FACD01AFB9204008FA782 /* WMobileKitExample_Example.app */;
			productType = "com.apple.product-type.application";
		};
/* End PBXNativeTarget section */

/* Begin PBXProject section */
		607FACC81AFB9204008FA782 /* Project object */ = {
			isa = PBXProject;
			attributes = {
				LastSwiftUpdateCheck = 0730;
				LastUpgradeCheck = 0900;
				ORGANIZATIONNAME = CocoaPods;
				TargetAttributes = {
					607FACCF1AFB9204008FA782 = {
						CreatedOnToolsVersion = 6.3.1;
						DevelopmentTeam = 5ZF66U48UD;
						LastSwiftMigration = 0900;
					};
				};
			};
			buildConfigurationList = 607FACCB1AFB9204008FA782 /* Build configuration list for PBXProject "WMobileKitExample" */;
			compatibilityVersion = "Xcode 3.2";
			developmentRegion = English;
			hasScannedForEncodings = 0;
			knownRegions = (
				en,
				Base,
			);
			mainGroup = 607FACC71AFB9204008FA782;
			productRefGroup = 607FACD11AFB9204008FA782 /* Products */;
			projectDirPath = "";
			projectRoot = "";
			targets = (
				607FACCF1AFB9204008FA782 /* WMobileKitExample */,
			);
		};
/* End PBXProject section */

/* Begin PBXResourcesBuildPhase section */
		607FACCE1AFB9204008FA782 /* Resources */ = {
			isa = PBXResourcesBuildPhase;
			buildActionMask = 2147483647;
			files = (
				D592B2BD1CC9498E00301C7F /* Images.xcassets in Resources */,
				D53D0BC11CAB11B70065D106 /* LaunchScreen.xib in Resources */,
				D53D0BC21CAB11B70065D106 /* Main.storyboard in Resources */,
			);
			runOnlyForDeploymentPostprocessing = 0;
		};
/* End PBXResourcesBuildPhase section */

/* Begin PBXShellScriptBuildPhase section */
		05A9FF5587E4F95729BD1C5D /* 📦 Embed Pods Frameworks */ = {
			isa = PBXShellScriptBuildPhase;
			buildActionMask = 2147483647;
			files = (
			);
			inputPaths = (
			);
			name = "📦 Embed Pods Frameworks";
			outputPaths = (
			);
			runOnlyForDeploymentPostprocessing = 0;
			shellPath = /bin/sh;
			shellScript = "\"${SRCROOT}/Pods/Target Support Files/Pods-WMobileKitExample/Pods-WMobileKitExample-frameworks.sh\"\n";
			showEnvVarsInLog = 0;
		};
		3EB43EB92E58032AF0667799 /* [CP] Check Pods Manifest.lock */ = {
			isa = PBXShellScriptBuildPhase;
			buildActionMask = 2147483647;
			files = (
			);
			inputPaths = (
			);
			name = "[CP] Check Pods Manifest.lock";
			outputPaths = (
			);
			runOnlyForDeploymentPostprocessing = 0;
			shellPath = /bin/sh;
			shellScript = "diff \"${PODS_PODFILE_DIR_PATH}/Podfile.lock\" \"${PODS_ROOT}/Manifest.lock\" > /dev/null\nif [ $? != 0 ] ; then\n    # print error to STDERR\n    echo \"error: The sandbox is not in sync with the Podfile.lock. Run 'pod install' or update your CocoaPods installation.\" >&2\n    exit 1\nfi\n";
			showEnvVarsInLog = 0;
		};
		4741DCE4EBCE20EBAAA2683C /* 📦 Copy Pods Resources */ = {
			isa = PBXShellScriptBuildPhase;
			buildActionMask = 2147483647;
			files = (
			);
			inputPaths = (
			);
			name = "📦 Copy Pods Resources";
			outputPaths = (
			);
			runOnlyForDeploymentPostprocessing = 0;
			shellPath = /bin/sh;
			shellScript = "\"${SRCROOT}/Pods/Target Support Files/Pods-WMobileKitExample/Pods-WMobileKitExample-resources.sh\"\n";
			showEnvVarsInLog = 0;
		};
		49E7A25303633E37FE83C756 /* [CP] Copy Pods Resources */ = {
			isa = PBXShellScriptBuildPhase;
			buildActionMask = 2147483647;
			files = (
			);
			inputPaths = (
			);
			name = "[CP] Copy Pods Resources";
			outputPaths = (
			);
			runOnlyForDeploymentPostprocessing = 0;
			shellPath = /bin/sh;
			shellScript = "\"${SRCROOT}/Pods/Target Support Files/Pods-WMobileKitExample/Pods-WMobileKitExample-resources.sh\"\n";
			showEnvVarsInLog = 0;
		};
		8FC73EFBB362335A5F128DBD /* [CP] Embed Pods Frameworks */ = {
			isa = PBXShellScriptBuildPhase;
			buildActionMask = 2147483647;
			files = (
			);
			inputPaths = (
			);
			name = "[CP] Embed Pods Frameworks";
			outputPaths = (
			);
			runOnlyForDeploymentPostprocessing = 0;
			shellPath = /bin/sh;
			shellScript = "\"${SRCROOT}/Pods/Target Support Files/Pods-WMobileKitExample/Pods-WMobileKitExample-frameworks.sh\"\n";
			showEnvVarsInLog = 0;
		};
		98A5CCD15F7D28C68E4CCA77 /* [CP] Check Pods Manifest.lock */ = {
			isa = PBXShellScriptBuildPhase;
			buildActionMask = 2147483647;
			files = (
			);
			inputPaths = (
			);
			name = "[CP] Check Pods Manifest.lock";
			outputPaths = (
			);
			runOnlyForDeploymentPostprocessing = 0;
			shellPath = /bin/sh;
			shellScript = "diff \"${PODS_ROOT}/../Podfile.lock\" \"${PODS_ROOT}/Manifest.lock\" > /dev/null\nif [ $? != 0 ] ; then\n    # print error to STDERR\n    echo \"error: The sandbox is not in sync with the Podfile.lock. Run 'pod install' or update your CocoaPods installation.\" >&2\n    exit 1\nfi\n";
			showEnvVarsInLog = 0;
		};
/* End PBXShellScriptBuildPhase section */

/* Begin PBXSourcesBuildPhase section */
		607FACCC1AFB9204008FA782 /* Sources */ = {
			isa = PBXSourcesBuildPhase;
			buildActionMask = 2147483647;
			files = (
				D592AB761CC55F7C00301C7F /* ModalViewExamplesVC.swift in Sources */,
				730364EB1CE4FFA600F8F3D8 /* SwitchAndRadioExamplesVC.swift in Sources */,
				7310E3661DD4E39500153C7F /* PanelExample.swift in Sources */,
				D53D0BC01CAB11B70065D106 /* AppDelegate.swift in Sources */,
				D7310D7D1CC7FA0B00130C7B /* TextFieldExamplesVC.swift in Sources */,
				73B2B5CE1CD2BB7000053D22 /* MarkdownTextViewExamplesVC.swift in Sources */,
				D50149E51CE3D90D00E5263E /* SpinnerExamplesVC.swift in Sources */,
				D58F8FA81E7089F400BFF6B2 /* AutoViewLayoutExampleVC.swift in Sources */,
				D50149E41CE3D90A00E5263E /* LoadingModalExamplesVC.swift in Sources */,
				CE76EA541D1DA9E800B5F487 /* TextViewExamplesVC.swift in Sources */,
				D56DF0151CF7B515000893C1 /* MobileKitVC.swift in Sources */,
				73A12C6A1CBEC2DE0092A3C2 /* UserLogoViewExamplesVC.swift in Sources */,
				73E59C441D1C96F000AADD51 /* PagingControlVCExampleVC.swift in Sources */,
				D5F7A6541CF640F800636AB4 /* BadgeExamplesVC.swift in Sources */,
				D5A4F6151CB3305A0041BB98 /* PagingControlExamplesVC.swift in Sources */,
				55A106331CAC8B5400495BBC /* LeftMenuTVCExample.swift in Sources */,
				D50149E31CE3D90600E5263E /* AutoCompleteTextViewExampleVC.swift in Sources */,
				D53D0BC51CAB11B70065D106 /* SideMenuVCExample.swift in Sources */,
			);
			runOnlyForDeploymentPostprocessing = 0;
		};
/* End PBXSourcesBuildPhase section */

/* Begin PBXVariantGroup section */
		D53D0BB91CAB11B70065D106 /* LaunchScreen.xib */ = {
			isa = PBXVariantGroup;
			children = (
				D53D0BBA1CAB11B70065D106 /* Base */,
			);
			name = LaunchScreen.xib;
			sourceTree = "<group>";
		};
		D53D0BBB1CAB11B70065D106 /* Main.storyboard */ = {
			isa = PBXVariantGroup;
			children = (
				D53D0BBC1CAB11B70065D106 /* Base */,
			);
			name = Main.storyboard;
			sourceTree = "<group>";
		};
/* End PBXVariantGroup section */

/* Begin XCBuildConfiguration section */
		607FACED1AFB9204008FA782 /* Debug */ = {
			isa = XCBuildConfiguration;
			buildSettings = {
				ALWAYS_SEARCH_USER_PATHS = NO;
				CLANG_CXX_LANGUAGE_STANDARD = "gnu++0x";
				CLANG_CXX_LIBRARY = "libc++";
				CLANG_ENABLE_MODULES = YES;
				CLANG_ENABLE_OBJC_ARC = YES;
				CLANG_WARN_BLOCK_CAPTURE_AUTORELEASING = YES;
				CLANG_WARN_BOOL_CONVERSION = YES;
				CLANG_WARN_COMMA = YES;
				CLANG_WARN_CONSTANT_CONVERSION = YES;
				CLANG_WARN_DIRECT_OBJC_ISA_USAGE = YES_ERROR;
				CLANG_WARN_EMPTY_BODY = YES;
				CLANG_WARN_ENUM_CONVERSION = YES;
				CLANG_WARN_INFINITE_RECURSION = YES;
				CLANG_WARN_INT_CONVERSION = YES;
				CLANG_WARN_NON_LITERAL_NULL_CONVERSION = YES;
				CLANG_WARN_OBJC_LITERAL_CONVERSION = YES;
				CLANG_WARN_OBJC_ROOT_CLASS = YES_ERROR;
				CLANG_WARN_RANGE_LOOP_ANALYSIS = YES;
				CLANG_WARN_STRICT_PROTOTYPES = YES;
				CLANG_WARN_SUSPICIOUS_MOVE = YES;
				CLANG_WARN_UNREACHABLE_CODE = YES;
				CLANG_WARN__DUPLICATE_METHOD_MATCH = YES;
				"CODE_SIGN_IDENTITY[sdk=iphoneos*]" = "iPhone Developer";
				COPY_PHASE_STRIP = NO;
				DEBUG_INFORMATION_FORMAT = "dwarf-with-dsym";
				ENABLE_STRICT_OBJC_MSGSEND = YES;
				ENABLE_TESTABILITY = YES;
				GCC_C_LANGUAGE_STANDARD = gnu99;
				GCC_DYNAMIC_NO_PIC = NO;
				GCC_NO_COMMON_BLOCKS = YES;
				GCC_OPTIMIZATION_LEVEL = 0;
				GCC_PREPROCESSOR_DEFINITIONS = (
					"DEBUG=1",
					"$(inherited)",
				);
				GCC_SYMBOLS_PRIVATE_EXTERN = NO;
				GCC_WARN_64_TO_32_BIT_CONVERSION = YES;
				GCC_WARN_ABOUT_RETURN_TYPE = YES_ERROR;
				GCC_WARN_UNDECLARED_SELECTOR = YES;
				GCC_WARN_UNINITIALIZED_AUTOS = YES_AGGRESSIVE;
				GCC_WARN_UNUSED_FUNCTION = YES;
				GCC_WARN_UNUSED_VARIABLE = YES;
				IPHONEOS_DEPLOYMENT_TARGET = 9.0;
				MTL_ENABLE_DEBUG_INFO = YES;
				ONLY_ACTIVE_ARCH = YES;
				SDKROOT = iphoneos;
				SWIFT_OPTIMIZATION_LEVEL = "-Onone";
			};
			name = Debug;
		};
		607FACEE1AFB9204008FA782 /* Release */ = {
			isa = XCBuildConfiguration;
			buildSettings = {
				ALWAYS_SEARCH_USER_PATHS = NO;
				CLANG_CXX_LANGUAGE_STANDARD = "gnu++0x";
				CLANG_CXX_LIBRARY = "libc++";
				CLANG_ENABLE_MODULES = YES;
				CLANG_ENABLE_OBJC_ARC = YES;
				CLANG_WARN_BLOCK_CAPTURE_AUTORELEASING = YES;
				CLANG_WARN_BOOL_CONVERSION = YES;
				CLANG_WARN_COMMA = YES;
				CLANG_WARN_CONSTANT_CONVERSION = YES;
				CLANG_WARN_DIRECT_OBJC_ISA_USAGE = YES_ERROR;
				CLANG_WARN_EMPTY_BODY = YES;
				CLANG_WARN_ENUM_CONVERSION = YES;
				CLANG_WARN_INFINITE_RECURSION = YES;
				CLANG_WARN_INT_CONVERSION = YES;
				CLANG_WARN_NON_LITERAL_NULL_CONVERSION = YES;
				CLANG_WARN_OBJC_LITERAL_CONVERSION = YES;
				CLANG_WARN_OBJC_ROOT_CLASS = YES_ERROR;
				CLANG_WARN_RANGE_LOOP_ANALYSIS = YES;
				CLANG_WARN_STRICT_PROTOTYPES = YES;
				CLANG_WARN_SUSPICIOUS_MOVE = YES;
				CLANG_WARN_UNREACHABLE_CODE = YES;
				CLANG_WARN__DUPLICATE_METHOD_MATCH = YES;
				"CODE_SIGN_IDENTITY[sdk=iphoneos*]" = "iPhone Developer";
				COPY_PHASE_STRIP = NO;
				DEBUG_INFORMATION_FORMAT = "dwarf-with-dsym";
				ENABLE_NS_ASSERTIONS = NO;
				ENABLE_STRICT_OBJC_MSGSEND = YES;
				GCC_C_LANGUAGE_STANDARD = gnu99;
				GCC_NO_COMMON_BLOCKS = YES;
				GCC_WARN_64_TO_32_BIT_CONVERSION = YES;
				GCC_WARN_ABOUT_RETURN_TYPE = YES_ERROR;
				GCC_WARN_UNDECLARED_SELECTOR = YES;
				GCC_WARN_UNINITIALIZED_AUTOS = YES_AGGRESSIVE;
				GCC_WARN_UNUSED_FUNCTION = YES;
				GCC_WARN_UNUSED_VARIABLE = YES;
				IPHONEOS_DEPLOYMENT_TARGET = 9.0;
				MTL_ENABLE_DEBUG_INFO = NO;
				SDKROOT = iphoneos;
				SWIFT_OPTIMIZATION_LEVEL = "-Owholemodule";
				VALIDATE_PRODUCT = YES;
			};
			name = Release;
		};
		607FACF01AFB9204008FA782 /* Debug */ = {
			isa = XCBuildConfiguration;
			baseConfigurationReference = 21EC645DF7BC64E4457C7E25 /* Pods-WMobileKitExample.debug.xcconfig */;
			buildSettings = {
				ASSETCATALOG_COMPILER_APPICON_NAME = AppIcon;
				CLANG_ENABLE_MODULES = YES;
				DEVELOPMENT_TEAM = 5ZF66U48UD;
				INFOPLIST_FILE = "$(SRCROOT)/WMobileKitExample/Info.plist";
				IPHONEOS_DEPLOYMENT_TARGET = 9.0;
				LD_RUNPATH_SEARCH_PATHS = "$(inherited) @executable_path/Frameworks";
				MODULE_NAME = ExampleApp;
				PRODUCT_BUNDLE_IDENTIFIER = "org.cocoapods.demo.$(PRODUCT_NAME:rfc1034identifier)";
				PRODUCT_NAME = WMobileKitExample_Example;
				SWIFT_OBJC_BRIDGING_HEADER = "WMobileKitExample/WMobileKitExample-Bridging-Header.h";
				SWIFT_OPTIMIZATION_LEVEL = "-Onone";
				SWIFT_SWIFT3_OBJC_INFERENCE = Default;
				SWIFT_VERSION = 4.0;
				TARGETED_DEVICE_FAMILY = "1,2";
			};
			name = Debug;
		};
		607FACF11AFB9204008FA782 /* Release */ = {
			isa = XCBuildConfiguration;
			baseConfigurationReference = 86294297CE93610FE8E6B978 /* Pods-WMobileKitExample.release.xcconfig */;
			buildSettings = {
				ASSETCATALOG_COMPILER_APPICON_NAME = AppIcon;
				CLANG_ENABLE_MODULES = YES;
				DEVELOPMENT_TEAM = 5ZF66U48UD;
				INFOPLIST_FILE = "$(SRCROOT)/WMobileKitExample/Info.plist";
				IPHONEOS_DEPLOYMENT_TARGET = 9.0;
				LD_RUNPATH_SEARCH_PATHS = "$(inherited) @executable_path/Frameworks";
				MODULE_NAME = ExampleApp;
				PRODUCT_BUNDLE_IDENTIFIER = "org.cocoapods.demo.$(PRODUCT_NAME:rfc1034identifier)";
				PRODUCT_NAME = WMobileKitExample_Example;
				SWIFT_OBJC_BRIDGING_HEADER = "WMobileKitExample/WMobileKitExample-Bridging-Header.h";
				SWIFT_SWIFT3_OBJC_INFERENCE = Default;
				SWIFT_VERSION = 4.0;
				TARGETED_DEVICE_FAMILY = "1,2";
			};
			name = Release;
		};
/* End XCBuildConfiguration section */

/* Begin XCConfigurationList section */
		607FACCB1AFB9204008FA782 /* Build configuration list for PBXProject "WMobileKitExample" */ = {
			isa = XCConfigurationList;
			buildConfigurations = (
				607FACED1AFB9204008FA782 /* Debug */,
				607FACEE1AFB9204008FA782 /* Release */,
			);
			defaultConfigurationIsVisible = 0;
			defaultConfigurationName = Release;
		};
		607FACEF1AFB9204008FA782 /* Build configuration list for PBXNativeTarget "WMobileKitExample" */ = {
			isa = XCConfigurationList;
			buildConfigurations = (
				607FACF01AFB9204008FA782 /* Debug */,
				607FACF11AFB9204008FA782 /* Release */,
			);
			defaultConfigurationIsVisible = 0;
			defaultConfigurationName = Release;
		};
/* End XCConfigurationList section */
	};
	rootObject = 607FACC81AFB9204008FA782 /* Project object */;
}
